
Microsoft Visual Studio Solution File, Format Version 12.00
# Visual Studio Version 16
VisualStudioVersion = 16.0.31729.503
MinimumVisualStudioVersion = 10.0.40219.1
Project("{FAE04EC0-301F-11D3-BF4B-00C04F79EFBC}") = "ProducerMicroservice", "ProducerMicroservice\ProducerMicroservice.csproj", "{7C02A615-3AB8-4ACB-A0CD-79128DF1780F}"
EndProject
Project("{FAE04EC0-301F-11D3-BF4B-00C04F79EFBC}") = "ConsumerMicroservice", "ConsumerMicroservice\ConsumerMicroservice.csproj", "{6239CAB3-990B-4047-B5DD-6123B3887379}"
EndProject
Project("{FAE04EC0-301F-11D3-BF4B-00C04F79EFBC}") = "Consumer", "common\Consumer.csproj", "{18A49996-D510-4343-8EAC-C4DBF4294D6F}"
EndProject
Global
	GlobalSection(SolutionConfigurationPlatforms) = preSolution
		Debug|Any CPU = Debug|Any CPU
		Release|Any CPU = Release|Any CPU
	EndGlobalSection
	GlobalSection(ProjectConfigurationPlatforms) = postSolution
		{7C02A615-3AB8-4ACB-A0CD-79128DF1780F}.Debug|Any CPU.ActiveCfg = Debug|Any CPU
		{7C02A615-3AB8-4ACB-A0CD-79128DF1780F}.Debug|Any CPU.Build.0 = Debug|Any CPU
		{7C02A615-3AB8-4ACB-A0CD-79128DF1780F}.Release|Any CPU.ActiveCfg = Release|Any CPU
		{7C02A615-3AB8-4ACB-A0CD-79128DF1780F}.Release|Any CPU.Build.0 = Release|Any CPU
		{6239CAB3-990B-4047-B5DD-6123B3887379}.Debug|Any CPU.ActiveCfg = Debug|Any CPU
		{6239CAB3-990B-4047-B5DD-6123B3887379}.Debug|Any CPU.Build.0 = Debug|Any CPU
		{6239CAB3-990B-4047-B5DD-6123B3887379}.Release|Any CPU.ActiveCfg = Release|Any CPU
		{6239CAB3-990B-4047-B5DD-6123B3887379}.Release|Any CPU.Build.0 = Release|Any CPU
		{18A49996-D510-4343-8EAC-C4DBF4294D6F}.Debug|Any CPU.ActiveCfg = Debug|Any CPU
		{18A49996-D510-4343-8EAC-C4DBF4294D6F}.Debug|Any CPU.Build.0 = Debug|Any CPU
		{18A49996-D510-4343-8EAC-C4DBF4294D6F}.Release|Any CPU.ActiveCfg = Release|Any CPU
		{18A49996-D510-4343-8EAC-C4DBF4294D6F}.Release|Any CPU.Build.0 = Release|Any CPU
	EndGlobalSection
	GlobalSection(SolutionProperties) = preSolution
		HideSolutionNode = FALSE
	EndGlobalSection
	GlobalSection(ExtensibilityGlobals) = postSolution
		SolutionGuid = {602F2B6D-233B-4C73-B013-B269709E2032}
	EndGlobalSection
EndGlobal
